
Microsoft Visual Studio Solution File, Format Version 12.00
# Visual Studio Version 16
VisualStudioVersion = 16.0.29609.76
MinimumVisualStudioVersion = 10.0.40219.1
Project("{FAE04EC0-301F-11D3-BF4B-00C04F79EFBC}") = "Praktika12", "Praktika12\Praktika12.csproj", "{E21BFD50-05F7-42B7-A90A-20B358E4909D}"
EndProject
Global
	GlobalSection(SolutionConfigurationPlatforms) = preSolution
		Debug|Any CPU = Debug|Any CPU
		Release|Any CPU = Release|Any CPU
	EndGlobalSection
	GlobalSection(ProjectConfigurationPlatforms) = postSolution
		{E21BFD50-05F7-42B7-A90A-20B358E4909D}.Debug|Any CPU.ActiveCfg = Debug|Any CPU
		{E21BFD50-05F7-42B7-A90A-20B358E4909D}.Debug|Any CPU.Build.0 = Debug|Any CPU
		{E21BFD50-05F7-42B7-A90A-20B358E4909D}.Release|Any CPU.ActiveCfg = Release|Any CPU
		{E21BFD50-05F7-42B7-A90A-20B358E4909D}.Release|Any CPU.Build.0 = Release|Any CPU
	EndGlobalSection
	GlobalSection(SolutionProperties) = preSolution
		HideSolutionNode = FALSE
	EndGlobalSection
	GlobalSection(ExtensibilityGlobals) = postSolution
		SolutionGuid = {F0DC5E10-30D5-4FE4-B5A5-148324A9C2E4}
	EndGlobalSection
EndGlobal
